
Microsoft Visual Studio Solution File, Format Version 12.00
Project("{FAE04EC0-301F-11D3-BF4B-00C04F79EFBC}") = "Stack1", "Stack1\Stack1.csproj", "{7EA83194-A9BB-4144-B545-EB4773A067C9}"
EndProject
Global
	GlobalSection(SolutionConfigurationPlatforms) = preSolution
		Debug|Any CPU = Debug|Any CPU
		Release|Any CPU = Release|Any CPU
	EndGlobalSection
	GlobalSection(ProjectConfigurationPlatforms) = postSolution
		{7EA83194-A9BB-4144-B545-EB4773A067C9}.Debug|Any CPU.ActiveCfg = Debug|Any CPU
		{7EA83194-A9BB-4144-B545-EB4773A067C9}.Debug|Any CPU.Build.0 = Debug|Any CPU
		{7EA83194-A9BB-4144-B545-EB4773A067C9}.Release|Any CPU.ActiveCfg = Release|Any CPU
		{7EA83194-A9BB-4144-B545-EB4773A067C9}.Release|Any CPU.Build.0 = Release|Any CPU
	EndGlobalSection
EndGlobal
